
Microsoft Visual Studio Solution File, Format Version 12.00
# Visual Studio Version 17
VisualStudioVersion = 17.2.32516.85
MinimumVisualStudioVersion = 10.0.40219.1
Project("{9A19103F-16F7-4668-BE54-9A1E7A4F7556}") = "Ahorcado.Logica", "Ahorcado.Logica\Ahorcado.Logica.csproj", "{9F91019B-9DD2-4CAA-AE73-82C37A36E54B}"
EndProject
Project("{9A19103F-16F7-4668-BE54-9A1E7A4F7556}") = "Ahorcado.Logica.Test", "UnitTests\Ahorcado.Logica.Test.csproj", "{85831649-934F-4E9D-9E10-B74FE7E6BF9F}"
EndProject
Project("{9A19103F-16F7-4668-BE54-9A1E7A4F7556}") = "Ahorcado.Data", "Ahorcado.Data\Ahorcado.Data.csproj", "{F2AFE2CE-356F-4270-BC76-2E3682A0FB07}"
EndProject
Project("{2150E333-8FDC-42A3-9474-1A3956D46DE8}") = "Solution Items", "Solution Items", "{16C378EC-F28C-48DD-921B-E9F9DDAA6F64}"
	ProjectSection(SolutionItems) = preProject
		.editorconfig = .editorconfig
		AhorcadoDB.db = AhorcadoDB.db
	EndProjectSection
EndProject
Project("{9A19103F-16F7-4668-BE54-9A1E7A4F7556}") = "Ahorcado.Entidades", "Ahorcado.Entidades\Ahorcado.Entidades.csproj", "{4500A754-0614-4A43-8990-FA6850AE767A}"
EndProject
Project("{9A19103F-16F7-4668-BE54-9A1E7A4F7556}") = "Ahorcado.UI", "Ahorcado.UI\Ahorcado.UI.csproj", "{B246B201-0522-435E-8E46-85E1A7DBB9D2}"
EndProject
Project("{9A19103F-16F7-4668-BE54-9A1E7A4F7556}") = "Ahorcado.UI.Specs", "Ahorcado.Specs\Ahorcado.UI.Specs.csproj", "{D7054F93-5070-48AF-8975-E2ED3DC864DA}"
EndProject
Global
	GlobalSection(SolutionConfigurationPlatforms) = preSolution
		Debug|Any CPU = Debug|Any CPU
		Release|Any CPU = Release|Any CPU
	EndGlobalSection
	GlobalSection(ProjectConfigurationPlatforms) = postSolution
		{9F91019B-9DD2-4CAA-AE73-82C37A36E54B}.Debug|Any CPU.ActiveCfg = Debug|Any CPU
		{9F91019B-9DD2-4CAA-AE73-82C37A36E54B}.Debug|Any CPU.Build.0 = Debug|Any CPU
		{9F91019B-9DD2-4CAA-AE73-82C37A36E54B}.Release|Any CPU.ActiveCfg = Release|Any CPU
		{9F91019B-9DD2-4CAA-AE73-82C37A36E54B}.Release|Any CPU.Build.0 = Release|Any CPU
		{85831649-934F-4E9D-9E10-B74FE7E6BF9F}.Debug|Any CPU.ActiveCfg = Debug|Any CPU
		{85831649-934F-4E9D-9E10-B74FE7E6BF9F}.Debug|Any CPU.Build.0 = Debug|Any CPU
		{85831649-934F-4E9D-9E10-B74FE7E6BF9F}.Release|Any CPU.ActiveCfg = Release|Any CPU
		{85831649-934F-4E9D-9E10-B74FE7E6BF9F}.Release|Any CPU.Build.0 = Release|Any CPU
		{F2AFE2CE-356F-4270-BC76-2E3682A0FB07}.Debug|Any CPU.ActiveCfg = Debug|Any CPU
		{F2AFE2CE-356F-4270-BC76-2E3682A0FB07}.Debug|Any CPU.Build.0 = Debug|Any CPU
		{F2AFE2CE-356F-4270-BC76-2E3682A0FB07}.Release|Any CPU.ActiveCfg = Release|Any CPU
		{F2AFE2CE-356F-4270-BC76-2E3682A0FB07}.Release|Any CPU.Build.0 = Release|Any CPU
		{4500A754-0614-4A43-8990-FA6850AE767A}.Debug|Any CPU.ActiveCfg = Debug|Any CPU
		{4500A754-0614-4A43-8990-FA6850AE767A}.Debug|Any CPU.Build.0 = Debug|Any CPU
		{4500A754-0614-4A43-8990-FA6850AE767A}.Release|Any CPU.ActiveCfg = Release|Any CPU
		{4500A754-0614-4A43-8990-FA6850AE767A}.Release|Any CPU.Build.0 = Release|Any CPU
		{B246B201-0522-435E-8E46-85E1A7DBB9D2}.Debug|Any CPU.ActiveCfg = Debug|Any CPU
		{B246B201-0522-435E-8E46-85E1A7DBB9D2}.Debug|Any CPU.Build.0 = Debug|Any CPU
		{B246B201-0522-435E-8E46-85E1A7DBB9D2}.Release|Any CPU.ActiveCfg = Release|Any CPU
		{B246B201-0522-435E-8E46-85E1A7DBB9D2}.Release|Any CPU.Build.0 = Release|Any CPU
		{D7054F93-5070-48AF-8975-E2ED3DC864DA}.Debug|Any CPU.ActiveCfg = Debug|Any CPU
		{D7054F93-5070-48AF-8975-E2ED3DC864DA}.Debug|Any CPU.Build.0 = Debug|Any CPU
		{D7054F93-5070-48AF-8975-E2ED3DC864DA}.Release|Any CPU.ActiveCfg = Release|Any CPU
		{D7054F93-5070-48AF-8975-E2ED3DC864DA}.Release|Any CPU.Build.0 = Release|Any CPU
	EndGlobalSection
	GlobalSection(SolutionProperties) = preSolution
		HideSolutionNode = FALSE
	EndGlobalSection
	GlobalSection(ExtensibilityGlobals) = postSolution
		SolutionGuid = {0D26C874-C09A-4039-9E6F-65702C2DE646}
	EndGlobalSection
EndGlobal
